
Microsoft Visual Studio Solution File, Format Version 12.00
# Visual Studio 14
VisualStudioVersion = 14.0.25123.0
MinimumVisualStudioVersion = 10.0.40219.1
Project("{FAE04EC0-301F-11D3-BF4B-00C04F79EFBC}") = "alhzen_viewer", "alhzen_viewer.csproj", "{9DD81290-C3CD-4429-84C8-0BDCC7FA6BDB}"
EndProject
Global
	GlobalSection(SolutionConfigurationPlatforms) = preSolution
		Debug|Any CPU = Debug|Any CPU
		Release|Any CPU = Release|Any CPU
	EndGlobalSection
	GlobalSection(ProjectConfigurationPlatforms) = postSolution
		{9DD81290-C3CD-4429-84C8-0BDCC7FA6BDB}.Debug|Any CPU.ActiveCfg = Debug|Any CPU
		{9DD81290-C3CD-4429-84C8-0BDCC7FA6BDB}.Debug|Any CPU.Build.0 = Debug|Any CPU
		{9DD81290-C3CD-4429-84C8-0BDCC7FA6BDB}.Release|Any CPU.ActiveCfg = Release|Any CPU
		{9DD81290-C3CD-4429-84C8-0BDCC7FA6BDB}.Release|Any CPU.Build.0 = Release|Any CPU
	EndGlobalSection
	GlobalSection(SolutionProperties) = preSolution
		HideSolutionNode = FALSE
	EndGlobalSection
EndGlobal
